
Microsoft Visual Studio Solution File, Format Version 12.00
# Visual Studio Version 16
VisualStudioVersion = 16.0.32413.511
MinimumVisualStudioVersion = 10.0.40219.1
Project("{FAE04EC0-301F-11D3-BF4B-00C04F79EFBC}") = "NanoPingPong", "NanoPingPong.csproj", "{04D075A4-9556-49C3-8320-4539B384E07A}"
EndProject
Global
	GlobalSection(SolutionConfigurationPlatforms) = preSolution
		Debug|Any CPU = Debug|Any CPU
		Release|Any CPU = Release|Any CPU
	EndGlobalSection
	GlobalSection(ProjectConfigurationPlatforms) = postSolution
		{04D075A4-9556-49C3-8320-4539B384E07A}.Debug|Any CPU.ActiveCfg = Debug|Any CPU
		{04D075A4-9556-49C3-8320-4539B384E07A}.Debug|Any CPU.Build.0 = Debug|Any CPU
		{04D075A4-9556-49C3-8320-4539B384E07A}.Release|Any CPU.ActiveCfg = Release|Any CPU
		{04D075A4-9556-49C3-8320-4539B384E07A}.Release|Any CPU.Build.0 = Release|Any CPU
	EndGlobalSection
	GlobalSection(SolutionProperties) = preSolution
		HideSolutionNode = FALSE
	EndGlobalSection
	GlobalSection(ExtensibilityGlobals) = postSolution
		SolutionGuid = {49DB19A4-E937-4292-B5CF-C8818B918823}
	EndGlobalSection
EndGlobal
